
Microsoft Visual Studio Solution File, Format Version 12.00
# Visual Studio Version 16
VisualStudioVersion = 16.0.31105.61
MinimumVisualStudioVersion = 10.0.40219.1
Project("{9A19103F-16F7-4668-BE54-9A1E7A4F7556}") = "Kурсов Проект", "Kурсов Проект.csproj", "{557A0E10-64B7-4E31-98ED-F9CB28BB21CA}"
EndProject
Project("{9A19103F-16F7-4668-BE54-9A1E7A4F7556}") = "Курсов Проект- constants", "..\Kursova.GlobalConstants\Курсов Проект- constants.csproj", "{0B120746-5A1E-4F52-B634-0895918DBD69}"
EndProject
Global
	GlobalSection(SolutionConfigurationPlatforms) = preSolution
		Debug|Any CPU = Debug|Any CPU
		Release|Any CPU = Release|Any CPU
	EndGlobalSection
	GlobalSection(ProjectConfigurationPlatforms) = postSolution
		{557A0E10-64B7-4E31-98ED-F9CB28BB21CA}.Debug|Any CPU.ActiveCfg = Debug|Any CPU
		{557A0E10-64B7-4E31-98ED-F9CB28BB21CA}.Debug|Any CPU.Build.0 = Debug|Any CPU
		{557A0E10-64B7-4E31-98ED-F9CB28BB21CA}.Release|Any CPU.ActiveCfg = Release|Any CPU
		{557A0E10-64B7-4E31-98ED-F9CB28BB21CA}.Release|Any CPU.Build.0 = Release|Any CPU
		{0B120746-5A1E-4F52-B634-0895918DBD69}.Debug|Any CPU.ActiveCfg = Debug|Any CPU
		{0B120746-5A1E-4F52-B634-0895918DBD69}.Debug|Any CPU.Build.0 = Debug|Any CPU
		{0B120746-5A1E-4F52-B634-0895918DBD69}.Release|Any CPU.ActiveCfg = Release|Any CPU
		{0B120746-5A1E-4F52-B634-0895918DBD69}.Release|Any CPU.Build.0 = Release|Any CPU
	EndGlobalSection
	GlobalSection(SolutionProperties) = preSolution
		HideSolutionNode = FALSE
	EndGlobalSection
	GlobalSection(ExtensibilityGlobals) = postSolution
		SolutionGuid = {2AACA993-CEF5-462C-B586-10AB0CD6C588}
	EndGlobalSection
EndGlobal
